
Microsoft Visual Studio Solution File, Format Version 12.00
# Visual Studio Version 17
VisualStudioVersion = 17.14.36511.14
MinimumVisualStudioVersion = 10.0.40219.1
Project("{FAE04EC0-301F-11D3-BF4B-00C04F79EFBC}") = "TourApp.Blazor", "src\TourApp.Frontend\TourApp.Blazor\TourApp.Blazor.csproj", "{A2E53645-1564-41B3-A3CC-BB940DA78CF2}"
EndProject
Project("{FAE04EC0-301F-11D3-BF4B-00C04F79EFBC}") = "TourApp.Application", "src\TourApp.Frontend\TourApp.Application\TourApp.Application.csproj", "{12DA4AF2-DF08-4158-98B4-5276591F6BD2}"
EndProject
Project("{FAE04EC0-301F-11D3-BF4B-00C04F79EFBC}") = "TourApp.Infrastructure", "src\TourApp.Frontend\TourApp.Infrastructure\TourApp.Infrastructure.csproj", "{9E38361F-79B4-40CF-8239-38AE9674631C}"
EndProject
Project("{FAE04EC0-301F-11D3-BF4B-00C04F79EFBC}") = "TourApp.Common", "src\TourApp.Frontend\TourApp.Common\TourApp.Common.csproj", "{0D882ED9-E39C-41DB-9AF6-14DEE19DAB93}"
EndProject
Project("{FAE04EC0-301F-11D3-BF4B-00C04F79EFBC}") = "TourApp.Admin.Console", "src\TourApp.Admin.Console\TourApp.Admin.Console.csproj", "{E51F681F-2A39-452C-8CEC-A7515E124F02}"
EndProject
Project("{FAE04EC0-301F-11D3-BF4B-00C04F79EFBC}") = "TourApp.Email.Console", "src\TourApp.Email.Console\TourApp.Email.Console.csproj", "{A4147A96-C43D-4A36-8754-3FEA5BBFF652}"
EndProject
Global
	GlobalSection(SolutionConfigurationPlatforms) = preSolution
		Debug|Any CPU = Debug|Any CPU
		Debug|x64 = Debug|x64
		Debug|x86 = Debug|x86
		Release|Any CPU = Release|Any CPU
		Release|x64 = Release|x64
		Release|x86 = Release|x86
	EndGlobalSection
	GlobalSection(ProjectConfigurationPlatforms) = postSolution
		{A2E53645-1564-41B3-A3CC-BB940DA78CF2}.Debug|Any CPU.ActiveCfg = Debug|Any CPU
		{A2E53645-1564-41B3-A3CC-BB940DA78CF2}.Debug|Any CPU.Build.0 = Debug|Any CPU
		{A2E53645-1564-41B3-A3CC-BB940DA78CF2}.Debug|x64.ActiveCfg = Debug|Any CPU
		{A2E53645-1564-41B3-A3CC-BB940DA78CF2}.Debug|x64.Build.0 = Debug|Any CPU
		{A2E53645-1564-41B3-A3CC-BB940DA78CF2}.Debug|x86.ActiveCfg = Debug|Any CPU
		{A2E53645-1564-41B3-A3CC-BB940DA78CF2}.Debug|x86.Build.0 = Debug|Any CPU
		{A2E53645-1564-41B3-A3CC-BB940DA78CF2}.Release|Any CPU.ActiveCfg = Release|Any CPU
		{A2E53645-1564-41B3-A3CC-BB940DA78CF2}.Release|Any CPU.Build.0 = Release|Any CPU
		{A2E53645-1564-41B3-A3CC-BB940DA78CF2}.Release|x64.ActiveCfg = Release|Any CPU
		{A2E53645-1564-41B3-A3CC-BB940DA78CF2}.Release|x64.Build.0 = Release|Any CPU
		{A2E53645-1564-41B3-A3CC-BB940DA78CF2}.Release|x86.ActiveCfg = Release|Any CPU
		{A2E53645-1564-41B3-A3CC-BB940DA78CF2}.Release|x86.Build.0 = Release|Any CPU
		{12DA4AF2-DF08-4158-98B4-5276591F6BD2}.Debug|Any CPU.ActiveCfg = Debug|Any CPU
		{12DA4AF2-DF08-4158-98B4-5276591F6BD2}.Debug|Any CPU.Build.0 = Debug|Any CPU
		{12DA4AF2-DF08-4158-98B4-5276591F6BD2}.Debug|x64.ActiveCfg = Debug|Any CPU
		{12DA4AF2-DF08-4158-98B4-5276591F6BD2}.Debug|x64.Build.0 = Debug|Any CPU
		{12DA4AF2-DF08-4158-98B4-5276591F6BD2}.Debug|x86.ActiveCfg = Debug|Any CPU
		{12DA4AF2-DF08-4158-98B4-5276591F6BD2}.Debug|x86.Build.0 = Debug|Any CPU
		{12DA4AF2-DF08-4158-98B4-5276591F6BD2}.Release|Any CPU.ActiveCfg = Release|Any CPU
		{12DA4AF2-DF08-4158-98B4-5276591F6BD2}.Release|Any CPU.Build.0 = Release|Any CPU
		{12DA4AF2-DF08-4158-98B4-5276591F6BD2}.Release|x64.ActiveCfg = Release|Any CPU
		{12DA4AF2-DF08-4158-98B4-5276591F6BD2}.Release|x64.Build.0 = Release|Any CPU
		{12DA4AF2-DF08-4158-98B4-5276591F6BD2}.Release|x86.ActiveCfg = Release|Any CPU
		{12DA4AF2-DF08-4158-98B4-5276591F6BD2}.Release|x86.Build.0 = Release|Any CPU
		{9E38361F-79B4-40CF-8239-38AE9674631C}.Debug|Any CPU.ActiveCfg = Debug|Any CPU
		{9E38361F-79B4-40CF-8239-38AE9674631C}.Debug|Any CPU.Build.0 = Debug|Any CPU
		{9E38361F-79B4-40CF-8239-38AE9674631C}.Debug|x64.ActiveCfg = Debug|Any CPU
		{9E38361F-79B4-40CF-8239-38AE9674631C}.Debug|x64.Build.0 = Debug|Any CPU
		{9E38361F-79B4-40CF-8239-38AE9674631C}.Debug|x86.ActiveCfg = Debug|Any CPU
		{9E38361F-79B4-40CF-8239-38AE9674631C}.Debug|x86.Build.0 = Debug|Any CPU
		{9E38361F-79B4-40CF-8239-38AE9674631C}.Release|Any CPU.ActiveCfg = Release|Any CPU
		{9E38361F-79B4-40CF-8239-38AE9674631C}.Release|Any CPU.Build.0 = Release|Any CPU
		{9E38361F-79B4-40CF-8239-38AE9674631C}.Release|x64.ActiveCfg = Release|Any CPU
		{9E38361F-79B4-40CF-8239-38AE9674631C}.Release|x64.Build.0 = Release|Any CPU
		{9E38361F-79B4-40CF-8239-38AE9674631C}.Release|x86.ActiveCfg = Release|Any CPU
		{9E38361F-79B4-40CF-8239-38AE9674631C}.Release|x86.Build.0 = Release|Any CPU
		{0D882ED9-E39C-41DB-9AF6-14DEE19DAB93}.Debug|Any CPU.ActiveCfg = Debug|Any CPU
		{0D882ED9-E39C-41DB-9AF6-14DEE19DAB93}.Debug|Any CPU.Build.0 = Debug|Any CPU
		{0D882ED9-E39C-41DB-9AF6-14DEE19DAB93}.Debug|x64.ActiveCfg = Debug|Any CPU
		{0D882ED9-E39C-41DB-9AF6-14DEE19DAB93}.Debug|x64.Build.0 = Debug|Any CPU
		{0D882ED9-E39C-41DB-9AF6-14DEE19DAB93}.Debug|x86.ActiveCfg = Debug|Any CPU
		{0D882ED9-E39C-41DB-9AF6-14DEE19DAB93}.Debug|x86.Build.0 = Debug|Any CPU
		{0D882ED9-E39C-41DB-9AF6-14DEE19DAB93}.Release|Any CPU.ActiveCfg = Release|Any CPU
		{0D882ED9-E39C-41DB-9AF6-14DEE19DAB93}.Release|Any CPU.Build.0 = Release|Any CPU
		{0D882ED9-E39C-41DB-9AF6-14DEE19DAB93}.Release|x64.ActiveCfg = Release|Any CPU
		{0D882ED9-E39C-41DB-9AF6-14DEE19DAB93}.Release|x64.Build.0 = Release|Any CPU
		{0D882ED9-E39C-41DB-9AF6-14DEE19DAB93}.Release|x86.ActiveCfg = Release|Any CPU
		{0D882ED9-E39C-41DB-9AF6-14DEE19DAB93}.Release|x86.Build.0 = Release|Any CPU
		{E51F681F-2A39-452C-8CEC-A7515E124F02}.Debug|Any CPU.ActiveCfg = Debug|Any CPU
		{E51F681F-2A39-452C-8CEC-A7515E124F02}.Debug|Any CPU.Build.0 = Debug|Any CPU
		{E51F681F-2A39-452C-8CEC-A7515E124F02}.Debug|x64.ActiveCfg = Debug|Any CPU
		{E51F681F-2A39-452C-8CEC-A7515E124F02}.Debug|x64.Build.0 = Debug|Any CPU
		{E51F681F-2A39-452C-8CEC-A7515E124F02}.Debug|x86.ActiveCfg = Debug|Any CPU
		{E51F681F-2A39-452C-8CEC-A7515E124F02}.Debug|x86.Build.0 = Debug|Any CPU
		{E51F681F-2A39-452C-8CEC-A7515E124F02}.Release|Any CPU.ActiveCfg = Release|Any CPU
		{E51F681F-2A39-452C-8CEC-A7515E124F02}.Release|Any CPU.Build.0 = Release|Any CPU
		{E51F681F-2A39-452C-8CEC-A7515E124F02}.Release|x64.ActiveCfg = Release|Any CPU
		{E51F681F-2A39-452C-8CEC-A7515E124F02}.Release|x64.Build.0 = Release|Any CPU
		{E51F681F-2A39-452C-8CEC-A7515E124F02}.Release|x86.ActiveCfg = Release|Any CPU
		{E51F681F-2A39-452C-8CEC-A7515E124F02}.Release|x86.Build.0 = Release|Any CPU
		{A4147A96-C43D-4A36-8754-3FEA5BBFF652}.Debug|Any CPU.ActiveCfg = Debug|Any CPU
		{A4147A96-C43D-4A36-8754-3FEA5BBFF652}.Debug|Any CPU.Build.0 = Debug|Any CPU
		{A4147A96-C43D-4A36-8754-3FEA5BBFF652}.Debug|x64.ActiveCfg = Debug|Any CPU
		{A4147A96-C43D-4A36-8754-3FEA5BBFF652}.Debug|x64.Build.0 = Debug|Any CPU
		{A4147A96-C43D-4A36-8754-3FEA5BBFF652}.Debug|x86.ActiveCfg = Debug|Any CPU
		{A4147A96-C43D-4A36-8754-3FEA5BBFF652}.Debug|x86.Build.0 = Debug|Any CPU
		{A4147A96-C43D-4A36-8754-3FEA5BBFF652}.Release|Any CPU.ActiveCfg = Release|Any CPU
		{A4147A96-C43D-4A36-8754-3FEA5BBFF652}.Release|Any CPU.Build.0 = Release|Any CPU
		{A4147A96-C43D-4A36-8754-3FEA5BBFF652}.Release|x64.ActiveCfg = Release|Any CPU
		{A4147A96-C43D-4A36-8754-3FEA5BBFF652}.Release|x64.Build.0 = Release|Any CPU
		{A4147A96-C43D-4A36-8754-3FEA5BBFF652}.Release|x86.ActiveCfg = Release|Any CPU
		{A4147A96-C43D-4A36-8754-3FEA5BBFF652}.Release|x86.Build.0 = Release|Any CPU
	EndGlobalSection
	GlobalSection(SolutionProperties) = preSolution
		HideSolutionNode = FALSE
	EndGlobalSection
	GlobalSection(ExtensibilityGlobals) = postSolution
		SolutionGuid = {6AF4FCD9-1E91-4E95-AB86-A42C5AC39F4F}
	EndGlobalSection
EndGlobal
